
Microsoft Visual Studio Solution File, Format Version 12.00
# Visual Studio Version 16
VisualStudioVersion = 16.0.31025.194
MinimumVisualStudioVersion = 10.0.40219.1
Project("{FAE04EC0-301F-11D3-BF4B-00C04F79EFBC}") = "WpfApp1", "WpfApp1.csproj", "{EDC620A8-E228-4905-8417-68B33F207A81}"
EndProject
Global
	GlobalSection(SolutionConfigurationPlatforms) = preSolution
		Debug|Any CPU = Debug|Any CPU
		Release|Any CPU = Release|Any CPU
	EndGlobalSection
	GlobalSection(ProjectConfigurationPlatforms) = postSolution
		{EDC620A8-E228-4905-8417-68B33F207A81}.Debug|Any CPU.ActiveCfg = Debug|Any CPU
		{EDC620A8-E228-4905-8417-68B33F207A81}.Debug|Any CPU.Build.0 = Debug|Any CPU
		{EDC620A8-E228-4905-8417-68B33F207A81}.Release|Any CPU.ActiveCfg = Release|Any CPU
		{EDC620A8-E228-4905-8417-68B33F207A81}.Release|Any CPU.Build.0 = Release|Any CPU
	EndGlobalSection
	GlobalSection(SolutionProperties) = preSolution
		HideSolutionNode = FALSE
	EndGlobalSection
	GlobalSection(ExtensibilityGlobals) = postSolution
		SolutionGuid = {19F0B837-76A9-434F-B670-0107B2EB4920}
	EndGlobalSection
EndGlobal
