
Microsoft Visual Studio Solution File, Format Version 12.00
# Visual Studio Version 16
VisualStudioVersion = 16.0.31025.194
MinimumVisualStudioVersion = 10.0.40219.1
Project("{FAE04EC0-301F-11D3-BF4B-00C04F79EFBC}") = "MyMVVM", "MyMVVM.csproj", "{0E0F4C9D-7B82-4D8C-A31D-234AACB6A376}"
EndProject
Global
	GlobalSection(SolutionConfigurationPlatforms) = preSolution
		Debug|Any CPU = Debug|Any CPU
		Release|Any CPU = Release|Any CPU
	EndGlobalSection
	GlobalSection(ProjectConfigurationPlatforms) = postSolution
		{0E0F4C9D-7B82-4D8C-A31D-234AACB6A376}.Debug|Any CPU.ActiveCfg = Debug|Any CPU
		{0E0F4C9D-7B82-4D8C-A31D-234AACB6A376}.Debug|Any CPU.Build.0 = Debug|Any CPU
		{0E0F4C9D-7B82-4D8C-A31D-234AACB6A376}.Release|Any CPU.ActiveCfg = Release|Any CPU
		{0E0F4C9D-7B82-4D8C-A31D-234AACB6A376}.Release|Any CPU.Build.0 = Release|Any CPU
	EndGlobalSection
	GlobalSection(SolutionProperties) = preSolution
		HideSolutionNode = FALSE
	EndGlobalSection
	GlobalSection(ExtensibilityGlobals) = postSolution
		SolutionGuid = {9462A757-BDE5-4924-9700-825A7E05FFDC}
	EndGlobalSection
EndGlobal
